
Microsoft Visual Studio Solution File, Format Version 12.00
# Visual Studio Version 16
VisualStudioVersion = 16.0.32802.440
MinimumVisualStudioVersion = 10.0.40219.1
Project("{FAE04EC0-301F-11D3-BF4B-00C04F79EFBC}") = "Prototype 3 - Cell Maker", "Prototype 3 - Cell Maker\Prototype 3 - Cell Maker.csproj", "{60038CD5-0510-41F8-ABFC-B3DA04176DFF}"
EndProject
Global
	GlobalSection(SolutionConfigurationPlatforms) = preSolution
		Debug|Any CPU = Debug|Any CPU
		Release|Any CPU = Release|Any CPU
	EndGlobalSection
	GlobalSection(ProjectConfigurationPlatforms) = postSolution
		{60038CD5-0510-41F8-ABFC-B3DA04176DFF}.Debug|Any CPU.ActiveCfg = Debug|Any CPU
		{60038CD5-0510-41F8-ABFC-B3DA04176DFF}.Debug|Any CPU.Build.0 = Debug|Any CPU
		{60038CD5-0510-41F8-ABFC-B3DA04176DFF}.Release|Any CPU.ActiveCfg = Release|Any CPU
		{60038CD5-0510-41F8-ABFC-B3DA04176DFF}.Release|Any CPU.Build.0 = Release|Any CPU
	EndGlobalSection
	GlobalSection(SolutionProperties) = preSolution
		HideSolutionNode = FALSE
	EndGlobalSection
	GlobalSection(ExtensibilityGlobals) = postSolution
		SolutionGuid = {D87AC3FC-61D7-42E8-B731-BF6B4C564F76}
	EndGlobalSection
EndGlobal
